
Microsoft Visual Studio Solution File, Format Version 12.00
# Visual Studio Version 17
VisualStudioVersion = 17.2.32616.157
MinimumVisualStudioVersion = 10.0.40219.1
Project("{FAE04EC0-301F-11D3-BF4B-00C04F79EFBC}") = "Lab_3_02_13", "Lab_3_02_13.csproj", "{A3E89685-11AF-4D78-8BB9-D3A5F89D6E25}"
EndProject
Global
	GlobalSection(SolutionConfigurationPlatforms) = preSolution
		Debug|Any CPU = Debug|Any CPU
		Release|Any CPU = Release|Any CPU
	EndGlobalSection
	GlobalSection(ProjectConfigurationPlatforms) = postSolution
		{A3E89685-11AF-4D78-8BB9-D3A5F89D6E25}.Debug|Any CPU.ActiveCfg = Debug|Any CPU
		{A3E89685-11AF-4D78-8BB9-D3A5F89D6E25}.Debug|Any CPU.Build.0 = Debug|Any CPU
		{A3E89685-11AF-4D78-8BB9-D3A5F89D6E25}.Release|Any CPU.ActiveCfg = Release|Any CPU
		{A3E89685-11AF-4D78-8BB9-D3A5F89D6E25}.Release|Any CPU.Build.0 = Release|Any CPU
	EndGlobalSection
	GlobalSection(SolutionProperties) = preSolution
		HideSolutionNode = FALSE
	EndGlobalSection
	GlobalSection(ExtensibilityGlobals) = postSolution
		SolutionGuid = {75732649-7645-4010-B305-6ED6A3A63DFB}
	EndGlobalSection
EndGlobal
